
Microsoft Visual Studio Solution File, Format Version 12.00
# Visual Studio Version 16
VisualStudioVersion = 16.0.32630.194
MinimumVisualStudioVersion = 10.0.40219.1
Project("{FAE04EC0-301F-11D3-BF4B-00C04F79EFBC}") = "Lesson17", "Lesson17\Lesson17.csproj", "{EECF4FE3-F539-4B01-9451-53C2014AB732}"
EndProject
Global
	GlobalSection(SolutionConfigurationPlatforms) = preSolution
		Debug|Any CPU = Debug|Any CPU
		Release|Any CPU = Release|Any CPU
	EndGlobalSection
	GlobalSection(ProjectConfigurationPlatforms) = postSolution
		{EECF4FE3-F539-4B01-9451-53C2014AB732}.Debug|Any CPU.ActiveCfg = Debug|Any CPU
		{EECF4FE3-F539-4B01-9451-53C2014AB732}.Debug|Any CPU.Build.0 = Debug|Any CPU
		{EECF4FE3-F539-4B01-9451-53C2014AB732}.Release|Any CPU.ActiveCfg = Release|Any CPU
		{EECF4FE3-F539-4B01-9451-53C2014AB732}.Release|Any CPU.Build.0 = Release|Any CPU
	EndGlobalSection
	GlobalSection(SolutionProperties) = preSolution
		HideSolutionNode = FALSE
	EndGlobalSection
	GlobalSection(ExtensibilityGlobals) = postSolution
		SolutionGuid = {20F4845B-4A6A-430E-80D1-795BFDD53177}
	EndGlobalSection
EndGlobal
